
Microsoft Visual Studio Solution File, Format Version 12.00
# Visual Studio Version 17
VisualStudioVersion = 17.0.31903.59
MinimumVisualStudioVersion = 10.0.40219.1
Project("{2150E333-8FDC-42A3-9474-1A3956D46DE8}") = "src", "src", "{2A00E736-F379-4B19-8EEF-5C3215170141}"
EndProject
Project("{FAE04EC0-301F-11D3-BF4B-00C04F79EFBC}") = "PriceHubble.Client", "src\PriceHubble.Client\PriceHubble.Client.csproj", "{BC408C10-C701-4084-A64D-D5A7832A2899}"
EndProject
Project("{2150E333-8FDC-42A3-9474-1A3956D46DE8}") = "test", "test", "{34137BC7-8F7B-474F-BE3F-B708948769CA}"
EndProject
Project("{FAE04EC0-301F-11D3-BF4B-00C04F79EFBC}") = "PriceHubble.Client.Tests", "test\PriceHubble.Client.Tests\PriceHubble.Client.Tests.csproj", "{0B6B7B96-EA43-4352-82ED-A4C63AAD97D1}"
EndProject
Global
	GlobalSection(SolutionConfigurationPlatforms) = preSolution
		Debug|Any CPU = Debug|Any CPU
		Release|Any CPU = Release|Any CPU
	EndGlobalSection
	GlobalSection(SolutionProperties) = preSolution
		HideSolutionNode = FALSE
	EndGlobalSection
	GlobalSection(ProjectConfigurationPlatforms) = postSolution
		{BC408C10-C701-4084-A64D-D5A7832A2899}.Debug|Any CPU.ActiveCfg = Debug|Any CPU
		{BC408C10-C701-4084-A64D-D5A7832A2899}.Debug|Any CPU.Build.0 = Debug|Any CPU
		{BC408C10-C701-4084-A64D-D5A7832A2899}.Release|Any CPU.ActiveCfg = Release|Any CPU
		{BC408C10-C701-4084-A64D-D5A7832A2899}.Release|Any CPU.Build.0 = Release|Any CPU
		{0B6B7B96-EA43-4352-82ED-A4C63AAD97D1}.Debug|Any CPU.ActiveCfg = Debug|Any CPU
		{0B6B7B96-EA43-4352-82ED-A4C63AAD97D1}.Debug|Any CPU.Build.0 = Debug|Any CPU
		{0B6B7B96-EA43-4352-82ED-A4C63AAD97D1}.Release|Any CPU.ActiveCfg = Release|Any CPU
		{0B6B7B96-EA43-4352-82ED-A4C63AAD97D1}.Release|Any CPU.Build.0 = Release|Any CPU
	EndGlobalSection
	GlobalSection(NestedProjects) = preSolution
		{BC408C10-C701-4084-A64D-D5A7832A2899} = {2A00E736-F379-4B19-8EEF-5C3215170141}
		{0B6B7B96-EA43-4352-82ED-A4C63AAD97D1} = {34137BC7-8F7B-474F-BE3F-B708948769CA}
	EndGlobalSection
EndGlobal
